version = 1
revision = 3
requires-python = ">=3.13"

[[package]]
name = "metatrader5"
version = "5.0.5735"
source = { registry = "https://pypi.org/simple" }
dependencies = [
    { name = "numpy" },
]
wheels = [
    { url = "https://files.pythonhosted.org/packages/87/2c/7ffc362d84f402b97773be5c6b37f1a0ab9882244c987bbb224c379d17d8/metatrader5-5.0.5735-cp313-cp313-win_amd64.whl", hash = "sha256:0933ea4a9a52b32adcf5590df00f9f75ff380a02bad7b62e23cbd757f34fbb12", size = 48071, upload-time = "2026-04-04T16:44:11.09Z" },
    { url = "https://files.pythonhosted.org/packages/33/51/4a70004f8af537393861c31a3c211f818b8199fea8baf8c0b1f571d67c56/metatrader5-5.0.5735-cp314-cp314-win_amd64.whl", hash = "sha256:b69765be2eece9f884b60b6d008c7608ad77d7bfc5fbfbb8c23e3e3bb8dc88ba", size = 49590, upload-time = "2026-04-04T16:44:12.306Z" },
]

[[package]]
name = "mt5docker"
version = "0.1.0"
source = { virtual = "." }
dependencies = [
    { name = "metatrader5", marker = "sys_platform == 'win32'" },
    { name = "pymt5linux" },
]

[package.metadata]
requires-dist = [
    { name = "metatrader5", marker = "sys_platform == 'win32'", specifier = "==5.0.5735" },
    { name = "pymt5linux", specifier = "==1.0" },
]

[[package]]
name = "numpy"
version = "2.5.1"
source = { registry = "https://pypi.org/simple" }
sdist = { url = "https://files.pythonhosted.org/packages/22/fd/89965aa4ac08c74998539fcbf24fa3540f3e15237fbeb6bcf9c908f4aade/numpy-2.5.1.tar.gz", hash = "sha256:a48a113e6afea91f5608793bafa7ef2ad481fefbda87ec5069f483de61cb9fa3", size = 20755553, upload-time = "2026-07-04T17:08:00.933Z" }
wheels = [
    { url = "https://files.pythonhosted.org/packages/ee/90/e314a32b1c11a2ffe818ddad3a57b50b4b6e1b6c487192eb50cdef0415d0/numpy-2.5.1-cp313-cp313-win32.whl", hash = "sha256:4b4ff1608417eb7a59da7b967bbb798cacfe071d2caf526a24281cd562072ed9", size = 6063885, upload-time = "2026-07-04T17:07:00.14Z" },
    { url = "https://files.pythonhosted.org/packages/10/70/800b3fca480af32df9e8ea9f3d4a0c8feb4b32d7f195d174eabbda4829ad/numpy-2.5.1-cp313-cp313-win_amd64.whl", hash = "sha256:6c3fe51bc6a16453d452997053454f309e8e0ed7b42d6b361ce4ac8c32913d74", size = 12425674, upload-time = "2026-07-04T17:07:02.387Z" },
    { url = "https://files.pythonhosted.org/packages/8b/0b/196350c122f50f6ca56846f2d71efd5e0d24b7b2e07355e019b2e2c7a11e/numpy-2.5.1-cp313-cp313-win_arm64.whl", hash = "sha256:f7feb014281029e628ba2d5a007407443b06e418b6fe451d1e2adcbc8eba0107", size = 10350256, upload-time = "2026-07-04T17:07:04.878Z" },
    { url = "https://files.pythonhosted.org/packages/1f/64/c0ba2d90724d450279a7df8f32057241070250a26a7e2b5337d77347f481/numpy-2.5.1-cp314-cp314-win32.whl", hash = "sha256:f2479a47f8d5932d1718168a681ad6e536a9df484c83cfcf9de365e164537ace", size = 6116103, upload-time = "2026-07-04T17:07:27.622Z" },
    { url = "https://files.pythonhosted.org/packages/c1/1a/837f9ed7405adcd7a40538792eb169eddd8fa5630c16a1ef49dae71a30f4/numpy-2.5.1-cp314-cp314-win_amd64.whl", hash = "sha256:24d0eb82c0541d3415a33425db64ae439dffccd7b4dbcb30e7c35120205c506a", size = 12562177, upload-time = "2026-07-04T17:07:29.887Z" },
    { url = "https://files.pythonhosted.org/packages/22/ed/49707938b6dd0a78a9178dd93227dc89e4c11af47f5c798d70366e8d0483/numpy-2.5.1-cp314-cp314-win_arm64.whl", hash = "sha256:5a4c988b38d261deeeaad9954e3deb091ad905c94e8bb6708654ef1d97f286b0", size = 10627739, upload-time = "2026-07-04T17:07:32.568Z" },
    { url = "https://files.pythonhosted.org/packages/94/a8/f98e50356cf167df656c526c2dfeec2d7dde182f2a3da4b458a5938e2776/numpy-2.5.1-cp314-cp314t-win32.whl", hash = "sha256:6eab239876581b2b3c5a242281b6007bbdbcd1c7085d7709bb57c5929b11e6bf", size = 6263298, upload-time = "2026-07-04T17:07:53.445Z" },
    { url = "https://files.pythonhosted.org/packages/72/ac/96ae880cdecad0b3275d9359fcec72667b49a4863c9f12942e43679dda02/numpy-2.5.1-cp314-cp314t-win_amd64.whl", hash = "sha256:83ce9c80d5b521b0d77ddcbe5447c218d247929b6cc056ca5351342accfff0af", size = 12748623, upload-time = "2026-07-04T17:07:55.384Z" },
    { url = "https://files.pythonhosted.org/packages/a1/5a/4d2b1601df3602dba7a14f3348ba9bfe94a18adb428e693df6154c293831/numpy-2.5.1-cp314-cp314t-win_arm64.whl", hash = "sha256:5a6db61f9aaa57e369905c67d852045d3c4f7126405b29d09b19dec118e9c9cb", size = 10697674, upload-time = "2026-07-04T17:07:58.506Z" },
]

[[package]]
name = "plumbum"
version = "2.0.1"
source = { registry = "https://pypi.org/simple" }
sdist = { url = "https://files.pythonhosted.org/packages/0c/6a/1d1b143420fcdfc8902f2db6b7d1d2325211461c5f2a43c849de7afad688/plumbum-2.0.1.tar.gz", hash = "sha256:61623f856dcb09eb20dcd5aa708dfb3cd04b6f4ab10224d39303b163bb1c4c61", size = 377668, upload-time = "2026-06-08T14:44:06.17Z" }
wheels = [
    { url = "https://files.pythonhosted.org/packages/59/2d/d741fbbbcba7eb6f9f1a829373c558114d59cb882b95f941aa0dc060861f/plumbum-2.0.1-py3-none-any.whl", hash = "sha256:27a454980f91689aae8f18242a36daaf2636219171cf0e6a849744aa1d6fff85", size = 164460, upload-time = "2026-06-08T14:44:04.75Z" },
]

[[package]]
name = "pymt5linux"
version = "1.0"
source = { registry = "https://pypi.org/simple" }
dependencies = [
    { name = "rpyc" },
]
sdist = { url = "https://files.pythonhosted.org/packages/5f/07/183184f10e326fe016c73f134edf3f106d26d8cc273547af7fd066297023/pymt5linux-1.0.tar.gz", hash = "sha256:be1dd5a59317f9fef66983457e5afba4af09bf2a923a75b41456144a7f946e84", size = 10436, upload-time = "2025-04-14T16:57:58.5Z" }
wheels = [
    { url = "https://files.pythonhosted.org/packages/0a/40/4abd61380e7edb94d260dfa2103aabb05859c4c3960a7bb114b1f238c376/pymt5linux-1.0-py3-none-any.whl", hash = "sha256:619c82c4add4afc0d0ca051fe3b3bbb46a31f9b4e4a0cf06f6d782d3974598e2", size = 10096, upload-time = "2025-04-14T16:57:56.703Z" },
]

[[package]]
name = "rpyc"
version = "6.0.2"
source = { registry = "https://pypi.org/simple" }
dependencies = [
    { name = "plumbum" },
]
sdist = { url = "https://files.pythonhosted.org/packages/8b/e7/1c17410673b634f4658bb5d2232d0c4507432a97508b2c6708e59481644a/rpyc-6.0.2.tar.gz", hash = "sha256:8e780a6a71b842128a80a337c64adfb6f919014e069951832161c9efc630c93b", size = 62321, upload-time = "2025-04-18T16:33:21.693Z" }
wheels = [
    { url = "https://files.pythonhosted.org/packages/3f/99/2e119d541d596daea39643eb9312b47c7847383951300f889166938035b1/rpyc-6.0.2-py3-none-any.whl", hash = "sha256:8072308ad30725bc281c42c011fc8c922be15f3eeda6eafb2917cafe1b6f00ec", size = 74768, upload-time = "2025-04-18T16:33:20.147Z" },
]
